<?xml version="1.0" encoding="UTF-8"?>
<Project ToolsVersion="14.0" xmlns="http://schemas.microsoft.com/developer/msbuild/2003">
  <ItemGroup>
    <CustomBuild Include="D:\sachetto\Dropbox\Universidade\Pesquisa\VTKUtils\HexaMeshFromSurface\CMakeFiles\d349e8da10a4589ee823b59bde5d672c\generate.stamp.rule">
      <Filter>CMake Rules</Filter>
    </CustomBuild>
  </ItemGroup>
  <ItemGroup>
    <Filter Include="CMake Rules">
      <UniqueIdentifier>{D09A67B9-332B-3A7C-ACC8-9299B3E177FA}</UniqueIdentifier>
    </Filter>
  </ItemGroup>
</Project>
